PODS:
  - GoogleAnalytics (3.17.0)
  - HockeySDK (3.8.6):
    - HockeySDK/AllFeaturesLib (= 3.8.6)
  - HockeySDK/AllFeaturesLib (3.8.6)
  - MapleBacon (5.2)
  - SideMenu (5.0.1)
  - SwiftSpinner (1.6.2)
  - SwiftyJSON (4.2.0)

DEPENDENCIES:
  - GoogleAnalytics
  - HockeySDK (~> 3.8.6)
  - MapleBacon (= 5.2)
  - SideMenu
  - SwiftSpinner (= 1.6.2)
  - SwiftyJSON (= 4.2.0)

SPEC REPOS:
  https://github.com/cocoapods/specs.git:
    - GoogleAnalytics
    - HockeySDK
    - MapleBacon
    - SideMenu
    - SwiftSpinner
    - SwiftyJSON

SPEC CHECKSUMS:
  GoogleAnalytics: f42cc53a87a51fe94334821868d9c8481ff47a7b
  HockeySDK: ab68303eec6680f6b539de65d747742dd276e934
  MapleBacon: c2ddea11bf7da374607d2ea405462ecfae96efab
  SideMenu: 87efd943737bb83aedf0358884d09fcf5576636d
  SwiftSpinner: 3a4c6dea425e5a31b908a8b1dd5dcd1ad4d96340
  SwiftyJSON: c4bcba26dd9ec7a027fc8eade48e2c911f229e96

PODFILE CHECKSUM: 9c3f36db03255e279b5ee51a3163a6522431acb1

COCOAPODS: 1.5.3
