PODS:
  - GoogleAnalytics (3.17.0)
  - HockeySDK (3.8.6):
    - HockeySDK/AllFeaturesLib (= 3.8.6)
  - HockeySDK/AllFeaturesLib (3.8.6)
  - MapleBacon (3.0.1)
  - SwiftSpinner (1.1.0)
  - SwiftyJSON (3.1.1)

DEPENDENCIES:
  - GoogleAnalytics
  - HockeySDK (~> 3.8.6)
  - MapleBacon
  - SwiftSpinner
  - SwiftyJSON

SPEC CHECKSUMS:
  GoogleAnalytics: f42cc53a87a51fe94334821868d9c8481ff47a7b
  HockeySDK: ab68303eec6680f6b539de65d747742dd276e934
  MapleBacon: 8fb0c45a0f147049ad49af6b36ac04a649baa74d
  SwiftSpinner: c03815614599b91eea46594bd52ba742849d0414
  SwiftyJSON: f0be2e604f83e8405a624e9f891898bf6ed4e019

PODFILE CHECKSUM: 087204401b6cc9c0e5bcc20022eeb4c7662174ab

COCOAPODS: 1.3.1
