// !$*UTF8*$!
{
	archiveVersion = 1;
	classes = {
	};
	objectVersion = 46;
	objects = {

/* Begin PBXBuildFile section */
		1A0C10C31DE627EC00935B33 /* SettingsTableViewController.swift in Sources */ = {isa = PBXBuildFile; fileRef = 1A0C10C21DE627EC00935B33 /* SettingsTableViewController.swift */; };
		1A19CC911E0031E700A3DA32 /* RecipeIngredient+Parsing.swift in Sources */ = {isa = PBXBuildFile; fileRef = 1A19CC901E0031E700A3DA32 /* RecipeIngredient+Parsing.swift */; };
		1A19CC931E003EA400A3DA32 /* explore.png in Resources */ = {isa = PBXBuildFile; fileRef = 1A19CC921E003EA400A3DA32 /* explore.png */; };
		1A19CC951E0041EA00A3DA32 /* UIRoundedImageView.swift in Sources */ = {isa = PBXBuildFile; fileRef = 1A19CC941E0041EA00A3DA32 /* UIRoundedImageView.swift */; };
		1A19CC991E004E9900A3DA32 /* menu-ingredients.png in Resources */ = {isa = PBXBuildFile; fileRef = 1A19CC961E004E9900A3DA32 /* menu-ingredients.png */; };
		1A19CC9A1E004E9900A3DA32 /* menu-recipe.png in Resources */ = {isa = PBXBuildFile; fileRef = 1A19CC971E004E9900A3DA32 /* menu-recipe.png */; };
		1A19CC9B1E004E9900A3DA32 /* menu-settings.png in Resources */ = {isa = PBXBuildFile; fileRef = 1A19CC981E004E9900A3DA32 /* menu-settings.png */; };
		1A19CC9E1E00A0F600A3DA32 /* CoreDataManager.m in Sources */ = {isa = PBXBuildFile; fileRef = 1A19CC9D1E00A0F600A3DA32 /* CoreDataManager.m */; };
		1A45C0911DEF730E009C9C4E /* recipe-default-image.png in Resources */ = {isa = PBXBuildFile; fileRef = 1A45C0901DEF730E009C9C4E /* recipe-default-image.png */; };
		1A5317721DEB1BB0002FF14B /* RecipeDetailViewController.swift in Sources */ = {isa = PBXBuildFile; fileRef = 1A5317711DEB1BB0002FF14B /* RecipeDetailViewController.swift */; };
		1A5317761DEB2EA4002FF14B /* Recipe+Parsing.swift in Sources */ = {isa = PBXBuildFile; fileRef = 1A5317751DEB2EA4002FF14B /* Recipe+Parsing.swift */; };
		1A5317781DEB3D1A002FF14B /* RecipeManager.swift in Sources */ = {isa = PBXBuildFile; fileRef = 1A5317771DEB3D19002FF14B /* RecipeManager.swift */; };
		1A68C3061DFDFFA400C025E4 /* settings-64.png in Resources */ = {isa = PBXBuildFile; fileRef = 1A68C3051DFDFFA400C025E4 /* settings-64.png */; };
		1A68C3081DFE000100C025E4 /* sync-64.png in Resources */ = {isa = PBXBuildFile; fileRef = 1A68C3071DFE000100C025E4 /* sync-64.png */; };
		1A68C30C1DFE08F600C025E4 /* SettingsWireframe.swift in Sources */ = {isa = PBXBuildFile; fileRef = 1A68C30B1DFE08F600C025E4 /* SettingsWireframe.swift */; };
		1A68C30E1DFE093800C025E4 /* CommonWireframe.swift in Sources */ = {isa = PBXBuildFile; fileRef = 1A68C30D1DFE093800C025E4 /* CommonWireframe.swift */; };
		1A68C3101DFE0A9300C025E4 /* AppDependecies.swift in Sources */ = {isa = PBXBuildFile; fileRef = 1A68C30F1DFE0A9300C025E4 /* AppDependecies.swift */; };
		1A68C3121DFEC40F00C025E4 /* UIViewController+Storyboard.swift in Sources */ = {isa = PBXBuildFile; fileRef = 1A68C3111DFEC40F00C025E4 /* UIViewController+Storyboard.swift */; };
		1A68C3141DFEC56800C025E4 /* Settings.storyboard in Resources */ = {isa = PBXBuildFile; fileRef = 1A68C3131DFEC56800C025E4 /* Settings.storyboard */; };
		1A68C3161DFECC1000C025E4 /* AppWireframe.swift in Sources */ = {isa = PBXBuildFile; fileRef = 1A68C3151DFECC1000C025E4 /* AppWireframe.swift */; };
		1A68C3191DFECC7700C025E4 /* App.storyboard in Resources */ = {isa = PBXBuildFile; fileRef = 1A68C3181DFECC7700C025E4 /* App.storyboard */; };
		1A68C31C1DFF395300C025E4 /* RecipesWireframe.swift in Sources */ = {isa = PBXBuildFile; fileRef = 1A68C31B1DFF395300C025E4 /* RecipesWireframe.swift */; };
		1A68C31E1DFF397800C025E4 /* Recipes.storyboard in Resources */ = {isa = PBXBuildFile; fileRef = 1A68C31D1DFF397800C025E4 /* Recipes.storyboard */; };
		1A68C3201DFF437F00C025E4 /* IntegrientsWireframe.swift in Sources */ = {isa = PBXBuildFile; fileRef = 1A68C31F1DFF437F00C025E4 /* IntegrientsWireframe.swift */; };
		1A68C3221DFF470800C025E4 /* recipe_background.jpg in Resources */ = {isa = PBXBuildFile; fileRef = 1A68C3211DFF470800C025E4 /* recipe_background.jpg */; };
		1A68C3241DFFE47900C025E4 /* IngredientRecipesDetailViewController.swift in Sources */ = {isa = PBXBuildFile; fileRef = 1A68C3231DFFE47900C025E4 /* IngredientRecipesDetailViewController.swift */; };
		1A68C3291E000E0B00C025E4 /* Localizable.swift in Sources */ = {isa = PBXBuildFile; fileRef = 1A68C3281E000E0B00C025E4 /* Localizable.swift */; };
		1A68C32C1E000E9100C025E4 /* Localizable.strings in Resources */ = {isa = PBXBuildFile; fileRef = 1A68C32E1E000E9100C025E4 /* Localizable.strings */; };
		1A8B5C2C1DE4E87200E11D14 /* AppDelegate.swift in Sources */ = {isa = PBXBuildFile; fileRef = 1A8B5C2B1DE4E87200E11D14 /* AppDelegate.swift */; };
		1A8B5C311DE4E87200E11D14 /* Ingredients.storyboard in Resources */ = {isa = PBXBuildFile; fileRef = 1A8B5C2F1DE4E87200E11D14 /* Ingredients.storyboard */; };
		1A8B5C341DE4E87200E11D14 /* MiRoRecipeBook.xcdatamodeld in Sources */ = {isa = PBXBuildFile; fileRef = 1A8B5C321DE4E87200E11D14 /* MiRoRecipeBook.xcdatamodeld */; };
		1A8B5C361DE4E87200E11D14 /* Assets.xcassets in Resources */ = {isa = PBXBuildFile; fileRef = 1A8B5C351DE4E87200E11D14 /* Assets.xcassets */; };
		1A8B5C391DE4E87200E11D14 /* LaunchScreen.storyboard in Resources */ = {isa = PBXBuildFile; fileRef = 1A8B5C371DE4E87200E11D14 /* LaunchScreen.storyboard */; };
		1A8B5C441DE4E87200E11D14 /* MiRoRecipeBookTests.swift in Sources */ = {isa = PBXBuildFile; fileRef = 1A8B5C431DE4E87200E11D14 /* MiRoRecipeBookTests.swift */; };
		1A8B5C4F1DE4E87200E11D14 /* MiRoRecipeBookUITests.swift in Sources */ = {isa = PBXBuildFile; fileRef = 1A8B5C4E1DE4E87200E11D14 /* MiRoRecipeBookUITests.swift */; };
		1A8B5C631DE4E9FE00E11D14 /* SWRevealViewController.m in Sources */ = {isa = PBXBuildFile; fileRef = 1A8B5C621DE4E9FE00E11D14 /* SWRevealViewController.m */; };
		1A8B5C641DE4E9FE00E11D14 /* SWRevealViewController.m in Sources */ = {isa = PBXBuildFile; fileRef = 1A8B5C621DE4E9FE00E11D14 /* SWRevealViewController.m */; };
		1A8B5C651DE4E9FE00E11D14 /* SWRevealViewController.m in Sources */ = {isa = PBXBuildFile; fileRef = 1A8B5C621DE4E9FE00E11D14 /* SWRevealViewController.m */; };
		1A8B5C6A1DE4EBD400E11D14 /* HintViewController.swift in Sources */ = {isa = PBXBuildFile; fileRef = 1A8B5C671DE4EBD400E11D14 /* HintViewController.swift */; };
		1A8B5C6B1DE4EBD400E11D14 /* HintViewController.swift in Sources */ = {isa = PBXBuildFile; fileRef = 1A8B5C671DE4EBD400E11D14 /* HintViewController.swift */; };
		1A8B5C6C1DE4EBD400E11D14 /* HintViewController.swift in Sources */ = {isa = PBXBuildFile; fileRef = 1A8B5C671DE4EBD400E11D14 /* HintViewController.swift */; };
		1A8B5C6D1DE4EBD400E11D14 /* MenuTableViewController.swift in Sources */ = {isa = PBXBuildFile; fileRef = 1A8B5C681DE4EBD400E11D14 /* MenuTableViewController.swift */; };
		1A8B5C6E1DE4EBD400E11D14 /* MenuTableViewController.swift in Sources */ = {isa = PBXBuildFile; fileRef = 1A8B5C681DE4EBD400E11D14 /* MenuTableViewController.swift */; };
		1A8B5C6F1DE4EBD400E11D14 /* MenuTableViewController.swift in Sources */ = {isa = PBXBuildFile; fileRef = 1A8B5C681DE4EBD400E11D14 /* MenuTableViewController.swift */; };
		1A8B5C701DE4EBD400E11D14 /* RecipesTableViewController.swift in Sources */ = {isa = PBXBuildFile; fileRef = 1A8B5C691DE4EBD400E11D14 /* RecipesTableViewController.swift */; };
		1A8B5C711DE4EBD400E11D14 /* RecipesTableViewController.swift in Sources */ = {isa = PBXBuildFile; fileRef = 1A8B5C691DE4EBD400E11D14 /* RecipesTableViewController.swift */; };
		1A8B5C721DE4EBD400E11D14 /* RecipesTableViewController.swift in Sources */ = {isa = PBXBuildFile; fileRef = 1A8B5C691DE4EBD400E11D14 /* RecipesTableViewController.swift */; };
		1A8B5C781DE4EC2F00E11D14 /* menu-alt-24.png in Resources */ = {isa = PBXBuildFile; fileRef = 1A8B5C751DE4EC2F00E11D14 /* menu-alt-24.png */; };
		1A8B5C791DE4EC2F00E11D14 /* menu-alt-24.png in Resources */ = {isa = PBXBuildFile; fileRef = 1A8B5C751DE4EC2F00E11D14 /* menu-alt-24.png */; };
		1A8B5C7A1DE4EC2F00E11D14 /* menu-alt-24.png in Resources */ = {isa = PBXBuildFile; fileRef = 1A8B5C751DE4EC2F00E11D14 /* menu-alt-24.png */; };
		1A8B5C7B1DE4EC2F00E11D14 /* menu-alt-32.png in Resources */ = {isa = PBXBuildFile; fileRef = 1A8B5C761DE4EC2F00E11D14 /* menu-alt-32.png */; };
		1A8B5C7C1DE4EC2F00E11D14 /* menu-alt-32.png in Resources */ = {isa = PBXBuildFile; fileRef = 1A8B5C761DE4EC2F00E11D14 /* menu-alt-32.png */; };
		1A8B5C7D1DE4EC2F00E11D14 /* menu-alt-32.png in Resources */ = {isa = PBXBuildFile; fileRef = 1A8B5C761DE4EC2F00E11D14 /* menu-alt-32.png */; };
		1A8B5C7E1DE4EC2F00E11D14 /* menu-alt-512.png in Resources */ = {isa = PBXBuildFile; fileRef = 1A8B5C771DE4EC2F00E11D14 /* menu-alt-512.png */; };
		1A8B5C7F1DE4EC2F00E11D14 /* menu-alt-512.png in Resources */ = {isa = PBXBuildFile; fileRef = 1A8B5C771DE4EC2F00E11D14 /* menu-alt-512.png */; };
		1A8B5C801DE4EC2F00E11D14 /* menu-alt-512.png in Resources */ = {isa = PBXBuildFile; fileRef = 1A8B5C771DE4EC2F00E11D14 /* menu-alt-512.png */; };
		1A8B5C841DE579E200E11D14 /* ColorPalette.swift in Sources */ = {isa = PBXBuildFile; fileRef = 1A8B5C831DE579E200E11D14 /* ColorPalette.swift */; };
		1A8B5C861DE5EE1100E11D14 /* ingredients-512.png in Resources */ = {isa = PBXBuildFile; fileRef = 1A8B5C851DE5EE1100E11D14 /* ingredients-512.png */; };
		1A8B5C881DE5EF2300E11D14 /* ingredients-64.png in Resources */ = {isa = PBXBuildFile; fileRef = 1A8B5C871DE5EF2300E11D14 /* ingredients-64.png */; };
		1A8B5C8A1DE5F11700E11D14 /* IntegrientsTableViewController.swift in Sources */ = {isa = PBXBuildFile; fileRef = 1A8B5C891DE5F11700E11D14 /* IntegrientsTableViewController.swift */; };
		1A8B5C8B1DE5F11700E11D14 /* IntegrientsTableViewController.swift in Sources */ = {isa = PBXBuildFile; fileRef = 1A8B5C891DE5F11700E11D14 /* IntegrientsTableViewController.swift */; };
		1A8B5C8C1DE5F11700E11D14 /* IntegrientsTableViewController.swift in Sources */ = {isa = PBXBuildFile; fileRef = 1A8B5C891DE5F11700E11D14 /* IntegrientsTableViewController.swift */; };
		1A94ED671E01B1ED00572ABE /* Recipe+CoreDataClass.swift in Sources */ = {isa = PBXBuildFile; fileRef = 1A94ED5F1E01B1ED00572ABE /* Recipe+CoreDataClass.swift */; };
		1A94ED681E01B1ED00572ABE /* Recipe+CoreDataProperties.swift in Sources */ = {isa = PBXBuildFile; fileRef = 1A94ED601E01B1ED00572ABE /* Recipe+CoreDataProperties.swift */; };
		1A94ED691E01B1ED00572ABE /* RecipeIngredient+CoreDataClass.swift in Sources */ = {isa = PBXBuildFile; fileRef = 1A94ED611E01B1ED00572ABE /* RecipeIngredient+CoreDataClass.swift */; };
		1A94ED6A1E01B1ED00572ABE /* RecipeIngredient+CoreDataProperties.swift in Sources */ = {isa = PBXBuildFile; fileRef = 1A94ED621E01B1ED00572ABE /* RecipeIngredient+CoreDataProperties.swift */; };
		1A94ED6B1E01B1ED00572ABE /* RecipeStep+CoreDataClass.swift in Sources */ = {isa = PBXBuildFile; fileRef = 1A94ED631E01B1ED00572ABE /* RecipeStep+CoreDataClass.swift */; };
		1A94ED6C1E01B1ED00572ABE /* RecipeStep+CoreDataProperties.swift in Sources */ = {isa = PBXBuildFile; fileRef = 1A94ED641E01B1ED00572ABE /* RecipeStep+CoreDataProperties.swift */; };
		1A94ED6D1E01B1ED00572ABE /* Ingredient+CoreDataClass.swift in Sources */ = {isa = PBXBuildFile; fileRef = 1A94ED651E01B1ED00572ABE /* Ingredient+CoreDataClass.swift */; };
		1A94ED6E1E01B1ED00572ABE /* Ingredient+CoreDataProperties.swift in Sources */ = {isa = PBXBuildFile; fileRef = 1A94ED661E01B1ED00572ABE /* Ingredient+CoreDataProperties.swift */; };
		1A94ED701E028C1200572ABE /* IngredientsAndStepsTableViewDelegate.swift in Sources */ = {isa = PBXBuildFile; fileRef = 1A94ED6F1E028C1200572ABE /* IngredientsAndStepsTableViewDelegate.swift */; };
		1A94ED721E028C5700572ABE /* RecipeDetailTableViewDatasource.swift in Sources */ = {isa = PBXBuildFile; fileRef = 1A94ED711E028C5700572ABE /* RecipeDetailTableViewDatasource.swift */; };
		1A94ED801E0333D100572ABE /* number9.png in Resources */ = {isa = PBXBuildFile; fileRef = 1A94ED761E0333D100572ABE /* number9.png */; };
		1A94ED811E0333D100572ABE /* number8.png in Resources */ = {isa = PBXBuildFile; fileRef = 1A94ED771E0333D100572ABE /* number8.png */; };
		1A94ED821E0333D100572ABE /* number7.png in Resources */ = {isa = PBXBuildFile; fileRef = 1A94ED781E0333D100572ABE /* number7.png */; };
		1A94ED831E0333D100572ABE /* number6.png in Resources */ = {isa = PBXBuildFile; fileRef = 1A94ED791E0333D100572ABE /* number6.png */; };
		1A94ED841E0333D100572ABE /* number5.png in Resources */ = {isa = PBXBuildFile; fileRef = 1A94ED7A1E0333D100572ABE /* number5.png */; };
		1A94ED851E0333D100572ABE /* number4.png in Resources */ = {isa = PBXBuildFile; fileRef = 1A94ED7B1E0333D100572ABE /* number4.png */; };
		1A94ED861E0333D100572ABE /* number3.png in Resources */ = {isa = PBXBuildFile; fileRef = 1A94ED7C1E0333D100572ABE /* number3.png */; };
		1A94ED871E0333D100572ABE /* number2.png in Resources */ = {isa = PBXBuildFile; fileRef = 1A94ED7D1E0333D100572ABE /* number2.png */; };
		1A94ED881E0333D100572ABE /* number1.png in Resources */ = {isa = PBXBuildFile; fileRef = 1A94ED7E1E0333D100572ABE /* number1.png */; };
		1A94ED891E0333D100572ABE /* number0.png in Resources */ = {isa = PBXBuildFile; fileRef = 1A94ED7F1E0333D100572ABE /* number0.png */; };
		1A94ED8B1E03D6F700572ABE /* RecipeCollectionViewController.swift in Sources */ = {isa = PBXBuildFile; fileRef = 1A94ED8A1E03D6F700572ABE /* RecipeCollectionViewController.swift */; };
		1A94ED8D1E03E76600572ABE /* photo-frame.png in Resources */ = {isa = PBXBuildFile; fileRef = 1A94ED8C1E03E76600572ABE /* photo-frame.png */; };
		1AAC50F01DEC5AFC00EFEC1B /* RecipeWebService.swift in Sources */ = {isa = PBXBuildFile; fileRef = 1AAC50EF1DEC5AFC00EFEC1B /* RecipeWebService.swift */; };
		1AAC50F21DEDA29400EFEC1B /* RecipeStep+Parsing.swift in Sources */ = {isa = PBXBuildFile; fileRef = 1AAC50F11DEDA29400EFEC1B /* RecipeStep+Parsing.swift */; };
		1AAF719E1DF5C113002F4293 /* Integrient+Parsing.swift in Sources */ = {isa = PBXBuildFile; fileRef = 1AAF719D1DF5C113002F4293 /* Integrient+Parsing.swift */; };
		47334B7E056F7E9A512C1BE1 /* Pods_MiRoRecipeBook.framework in Frameworks */ = {isa = PBXBuildFile; fileRef = 09B87F787982A074FDE21D6D /* Pods_MiRoRecipeBook.framework */; };
/* End PBXBuildFile section */

/* Begin PBXContainerItemProxy section */
		1A8B5C401DE4E87200E11D14 /* PBXContainerItemProxy */ = {
			isa = PBXContainerItemProxy;
			containerPortal = 1A8B5C201DE4E87200E11D14 /* Project object */;
			proxyType = 1;
			remoteGlobalIDString = 1A8B5C271DE4E87200E11D14;
			remoteInfo = MiRoRecipeBook;
		};
		1A8B5C4B1DE4E87200E11D14 /* PBXContainerItemProxy */ = {
			isa = PBXContainerItemProxy;
			containerPortal = 1A8B5C201DE4E87200E11D14 /* Project object */;
			proxyType = 1;
			remoteGlobalIDString = 1A8B5C271DE4E87200E11D14;
			remoteInfo = MiRoRecipeBook;
		};
/* End PBXContainerItemProxy section */

/* Begin PBXFileReference section */
		0120B57678DA6E78ECEA1273 /* Pods-MiRoRecipeBook.debug.xcconfig */ = {isa = PBXFileReference; includeInIndex = 1; lastKnownFileType = text.xcconfig; name = "Pods-MiRoRecipeBook.debug.xcconfig"; path = "../Pods/Target Support Files/Pods-MiRoRecipeBook/Pods-MiRoRecipeBook.debug.xcconfig"; sourceTree = "<group>"; };
		05094A111C1E31252AEFA12C /* Pods-MiRoRecipeBook.release.xcconfig */ = {isa = PBXFileReference; includeInIndex = 1; lastKnownFileType = text.xcconfig; name = "Pods-MiRoRecipeBook.release.xcconfig"; path = "../Pods/Target Support Files/Pods-MiRoRecipeBook/Pods-MiRoRecipeBook.release.xcconfig"; sourceTree = "<group>"; };
		09B87F787982A074FDE21D6D /* Pods_MiRoRecipeBook.framework */ = {isa = PBXFileReference; explicitFileType = wrapper.framework; includeInIndex = 0; path = Pods_MiRoRecipeBook.framework; sourceTree = BUILT_PRODUCTS_DIR; };
		1A0C10C21DE627EC00935B33 /* SettingsTableViewController.swift */ = {isa = PBXFileReference; fileEncoding = 4; lastKnownFileType = sourcecode.swift; name = SettingsTableViewController.swift; path = Presentation/SettingsTableViewController.swift; sourceTree = "<group>"; };
		1A19CC901E0031E700A3DA32 /* RecipeIngredient+Parsing.swift */ = {isa = PBXFileReference; fileEncoding = 4; lastKnownFileType = sourcecode.swift; name = "RecipeIngredient+Parsing.swift"; path = "Data/RecipeIngredient+Parsing.swift"; sourceTree = "<group>"; };
		1A19CC921E003EA400A3DA32 /* explore.png */ = {isa = PBXFileReference; lastKnownFileType = image.png; name = explore.png; path = MiRoRecipeBook/Resources/Images/explore.png; sourceTree = "<group>"; };
		1A19CC941E0041EA00A3DA32 /* UIRoundedImageView.swift */ = {isa = PBXFileReference; fileEncoding = 4; lastKnownFileType = sourcecode.swift; name = UIRoundedImageView.swift; path = Presentation/Views/UIRoundedImageView.swift; sourceTree = "<group>"; };
		1A19CC961E004E9900A3DA32 /* menu-ingredients.png */ = {isa = PBXFileReference; lastKnownFileType = image.png; name = "menu-ingredients.png"; path = "MiRoRecipeBook/Resources/Images/menu-ingredients.png"; sourceTree = "<group>"; };
		1A19CC971E004E9900A3DA32 /* menu-recipe.png */ = {isa = PBXFileReference; lastKnownFileType = image.png; name = "menu-recipe.png"; path = "MiRoRecipeBook/Resources/Images/menu-recipe.png"; sourceTree = "<group>"; };
		1A19CC981E004E9900A3DA32 /* menu-settings.png */ = {isa = PBXFileReference; lastKnownFileType = image.png; name = "menu-settings.png"; path = "MiRoRecipeBook/Resources/Images/menu-settings.png"; sourceTree = "<group>"; };
		1A19CC9C1E00A0F600A3DA32 /* CoreDataManager.h */ = {isa = PBXFileReference; fileEncoding = 4; lastKnownFileType = sourcecode.c.h; name = CoreDataManager.h; path = Services/CoreDataManager.h; sourceTree = "<group>"; };
		1A19CC9D1E00A0F600A3DA32 /* CoreDataManager.m */ = {isa = PBXFileReference; fileEncoding = 4; lastKnownFileType = sourcecode.c.objc; name = CoreDataManager.m; path = Services/CoreDataManager.m; sourceTree = "<group>"; };
		1A45C0901DEF730E009C9C4E /* recipe-default-image.png */ = {isa = PBXFileReference; lastKnownFileType = image.png; name = "recipe-default-image.png"; path = "MiRoRecipeBook/Resources/Images/recipe-default-image.png"; sourceTree = "<group>"; };
		1A5317711DEB1BB0002FF14B /* RecipeDetailViewController.swift */ = {isa = PBXFileReference; fileEncoding = 4; lastKnownFileType = sourcecode.swift; name = RecipeDetailViewController.swift; path = Presentation/RecipeDetailViewController.swift; sourceTree = "<group>"; };
		1A5317751DEB2EA4002FF14B /* Recipe+Parsing.swift */ = {isa = PBXFileReference; fileEncoding = 4; lastKnownFileType = sourcecode.swift; name = "Recipe+Parsing.swift"; path = "Data/Recipe+Parsing.swift"; sourceTree = "<group>"; };
		1A5317771DEB3D19002FF14B /* RecipeManager.swift */ = {isa = PBXFileReference; fileEncoding = 4; lastKnownFileType = sourcecode.swift; name = RecipeManager.swift; path = Services/RecipeManager.swift; sourceTree = "<group>"; };
		1A68C3051DFDFFA400C025E4 /* settings-64.png */ = {isa = PBXFileReference; lastKnownFileType = image.png; name = "settings-64.png"; path = "MiRoRecipeBook/Resources/Images/settings-64.png"; sourceTree = "<group>"; };
		1A68C3071DFE000100C025E4 /* sync-64.png */ = {isa = PBXFileReference; lastKnownFileType = image.png; name = "sync-64.png"; path = "MiRoRecipeBook/Resources/Images/sync-64.png"; sourceTree = "<group>"; };
		1A68C30B1DFE08F600C025E4 /* SettingsWireframe.swift */ = {isa = PBXFileReference; fileEncoding = 4; lastKnownFileType = sourcecode.swift; name = SettingsWireframe.swift; path = Presentation/Settings/SettingsWireframe.swift; sourceTree = "<group>"; };
		1A68C30D1DFE093800C025E4 /* CommonWireframe.swift */ = {isa = PBXFileReference; fileEncoding = 4; lastKnownFileType = sourcecode.swift; name = CommonWireframe.swift; path = Presentation/CommonWireframe.swift; sourceTree = "<group>"; };
		1A68C30F1DFE0A9300C025E4 /* AppDependecies.swift */ = {isa = PBXFileReference; fileEncoding = 4; lastKnownFileType = sourcecode.swift; path = AppDependecies.swift; sourceTree = "<group>"; };
		1A68C3111DFEC40F00C025E4 /* UIViewController+Storyboard.swift */ = {isa = PBXFileReference; fileEncoding = 4; lastKnownFileType = sourcecode.swift; name = "UIViewController+Storyboard.swift"; path = "Presentation/UIViewController+Storyboard.swift"; sourceTree = "<group>"; };
		1A68C3131DFEC56800C025E4 /* Settings.storyboard */ = {isa = PBXFileReference; fileEncoding = 4; lastKnownFileType = file.storyboard; name = Settings.storyboard; path = Presentation/Settings/Settings.storyboard; sourceTree = "<group>"; };
		1A68C3151DFECC1000C025E4 /* AppWireframe.swift */ = {isa = PBXFileReference; fileEncoding = 4; lastKnownFileType = sourcecode.swift; path = AppWireframe.swift; sourceTree = "<group>"; };
		1A68C3181DFECC7700C025E4 /* App.storyboard */ = {isa = PBXFileReference; fileEncoding = 4; lastKnownFileType = file.storyboard; name = App.storyboard; path = Presentation/App/App.storyboard; sourceTree = "<group>"; };
		1A68C31B1DFF395300C025E4 /* RecipesWireframe.swift */ = {isa = PBXFileReference; fileEncoding = 4; lastKnownFileType = sourcecode.swift; name = RecipesWireframe.swift; path = Presentation/Recipes/RecipesWireframe.swift; sourceTree = "<group>"; };
		1A68C31D1DFF397800C025E4 /* Recipes.storyboard */ = {isa = PBXFileReference; fileEncoding = 4; lastKnownFileType = file.storyboard; name = Recipes.storyboard; path = Presentation/Recipes/Recipes.storyboard; sourceTree = "<group>"; };
		1A68C31F1DFF437F00C025E4 /* IntegrientsWireframe.swift */ = {isa = PBXFileReference; fileEncoding = 4; lastKnownFileType = sourcecode.swift; name = IntegrientsWireframe.swift; path = Presentation/Integrients/IntegrientsWireframe.swift; sourceTree = "<group>"; };
		1A68C3211DFF470800C025E4 /* recipe_background.jpg */ = {isa = PBXFileReference; lastKnownFileType = image.jpeg; name = recipe_background.jpg; path = MiRoRecipeBook/Resources/Images/recipe_background.jpg; sourceTree = "<group>"; };
		1A68C3231DFFE47900C025E4 /* IngredientRecipesDetailViewController.swift */ = {isa = PBXFileReference; fileEncoding = 4; lastKnownFileType = sourcecode.swift; name = IngredientRecipesDetailViewController.swift; path = Presentation/Integrients/IngredientRecipesDetailViewController.swift; sourceTree = "<group>"; };
		1A68C3281E000E0B00C025E4 /* Localizable.swift */ = {isa = PBXFileReference; fileEncoding = 4; lastKnownFileType = sourcecode.swift; name = Localizable.swift; path = Utils/Localizable.swift; sourceTree = "<group>"; };
		1A68C32D1E000E9100C025E4 /* en */ = {isa = PBXFileReference; lastKnownFileType = text.plist.strings; name = en; path = en.lproj/Localizable.strings; sourceTree = "<group>"; };
		1A68C32F1E000EE700C025E4 /* de */ = {isa = PBXFileReference; lastKnownFileType = text.plist.strings; name = de; path = de.lproj/Localizable.strings; sourceTree = "<group>"; };
		1A8B5C281DE4E87200E11D14 /* MiRoRecipeBook.app */ = {isa = PBXFileReference; explicitFileType = wrapper.application; includeInIndex = 0; path = MiRoRecipeBook.app; sourceTree = BUILT_PRODUCTS_DIR; };
		1A8B5C2B1DE4E87200E11D14 /* AppDelegate.swift */ = {isa = PBXFileReference; lastKnownFileType = sourcecode.swift; path = AppDelegate.swift; sourceTree = "<group>"; };
		1A8B5C301DE4E87200E11D14 /* Base */ = {isa = PBXFileReference; lastKnownFileType = file.storyboard; name = Base; path = Base.lproj/Ingredients.storyboard; sourceTree = "<group>"; };
		1A8B5C331DE4E87200E11D14 /* MiRoRecipeBook.xcdatamodel */ = {isa = PBXFileReference; lastKnownFileType = wrapper.xcdatamodel; path = MiRoRecipeBook.xcdatamodel; sourceTree = "<group>"; };
		1A8B5C351DE4E87200E11D14 /* Assets.xcassets */ = {isa = PBXFileReference; lastKnownFileType = folder.assetcatalog; path = Assets.xcassets; sourceTree = "<group>"; };
		1A8B5C381DE4E87200E11D14 /* Base */ = {isa = PBXFileReference; lastKnownFileType = file.storyboard; name = Base; path = Base.lproj/LaunchScreen.storyboard; sourceTree = "<group>"; };
		1A8B5C3A1DE4E87200E11D14 /* Info.plist */ = {isa = PBXFileReference; lastKnownFileType = text.plist.xml; path = Info.plist; sourceTree = "<group>"; };
		1A8B5C3F1DE4E87200E11D14 /* MiRoRecipeBookTests.xctest */ = {isa = PBXFileReference; explicitFileType = wrapper.cfbundle; includeInIndex = 0; path = MiRoRecipeBookTests.xctest; sourceTree = BUILT_PRODUCTS_DIR; };
		1A8B5C431DE4E87200E11D14 /* MiRoRecipeBookTests.swift */ = {isa = PBXFileReference; lastKnownFileType = sourcecode.swift; path = MiRoRecipeBookTests.swift; sourceTree = "<group>"; };
		1A8B5C451DE4E87200E11D14 /* Info.plist */ = {isa = PBXFileReference; lastKnownFileType = text.plist.xml; path = Info.plist; sourceTree = "<group>"; };
		1A8B5C4A1DE4E87200E11D14 /* MiRoRecipeBookUITests.xctest */ = {isa = PBXFileReference; explicitFileType = wrapper.cfbundle; includeInIndex = 0; path = MiRoRecipeBookUITests.xctest; sourceTree = BUILT_PRODUCTS_DIR; };
		1A8B5C4E1DE4E87200E11D14 /* MiRoRecipeBookUITests.swift */ = {isa = PBXFileReference; lastKnownFileType = sourcecode.swift; path = MiRoRecipeBookUITests.swift; sourceTree = "<group>"; };
		1A8B5C501DE4E87200E11D14 /* Info.plist */ = {isa = PBXFileReference; lastKnownFileType = text.plist.xml; path = Info.plist; sourceTree = "<group>"; };
		1A8B5C5E1DE4E9FE00E11D14 /* MiRoRecipeBook-Bridging-Header.h */ = {isa = PBXFileReference; lastKnownFileType = sourcecode.c.h; path = "MiRoRecipeBook-Bridging-Header.h"; sourceTree = "<group>"; };
		1A8B5C5F1DE4E9FE00E11D14 /* MiRoRecipeBookTests-Bridging-Header.h */ = {isa = PBXFileReference; lastKnownFileType = sourcecode.c.h; path = "MiRoRecipeBookTests-Bridging-Header.h"; sourceTree = "<group>"; };
		1A8B5C601DE4E9FE00E11D14 /* MiRoRecipeBookUITests-Bridging-Header.h */ = {isa = PBXFileReference; lastKnownFileType = sourcecode.c.h; path = "MiRoRecipeBookUITests-Bridging-Header.h"; sourceTree = "<group>"; };
		1A8B5C611DE4E9FE00E11D14 /* SWRevealViewController.h */ = {isa = PBXFileReference; fileEncoding = 4; lastKnownFileType = sourcecode.c.h; path = SWRevealViewController.h; sourceTree = "<group>"; };
		1A8B5C621DE4E9FE00E11D14 /* SWRevealViewController.m */ = {isa = PBXFileReference; fileEncoding = 4; lastKnownFileType = sourcecode.c.objc; path = SWRevealViewController.m; sourceTree = "<group>"; };
		1A8B5C671DE4EBD400E11D14 /* HintViewController.swift */ = {isa = PBXFileReference; fileEncoding = 4; lastKnownFileType = sourcecode.swift; name = HintViewController.swift; path = Presentation/HintViewController.swift; sourceTree = "<group>"; };
		1A8B5C681DE4EBD400E11D14 /* MenuTableViewController.swift */ = {isa = PBXFileReference; fileEncoding = 4; lastKnownFileType = sourcecode.swift; name = MenuTableViewController.swift; path = Presentation/MenuTableViewController.swift; sourceTree = "<group>"; };
		1A8B5C691DE4EBD400E11D14 /* RecipesTableViewController.swift */ = {isa = PBXFileReference; fileEncoding = 4; lastKnownFileType = sourcecode.swift; name = RecipesTableViewController.swift; path = Presentation/RecipesTableViewController.swift; sourceTree = "<group>"; };
		1A8B5C751DE4EC2F00E11D14 /* menu-alt-24.png */ = {isa = PBXFileReference; lastKnownFileType = image.png; name = "menu-alt-24.png"; path = "MiRoRecipeBook/Resources/Images/menu-alt-24.png"; sourceTree = "<group>"; };
		1A8B5C761DE4EC2F00E11D14 /* menu-alt-32.png */ = {isa = PBXFileReference; lastKnownFileType = image.png; name = "menu-alt-32.png"; path = "MiRoRecipeBook/Resources/Images/menu-alt-32.png"; sourceTree = "<group>"; };
		1A8B5C771DE4EC2F00E11D14 /* menu-alt-512.png */ = {isa = PBXFileReference; lastKnownFileType = image.png; name = "menu-alt-512.png"; path = "MiRoRecipeBook/Resources/Images/menu-alt-512.png"; sourceTree = "<group>"; };
		1A8B5C831DE579E200E11D14 /* ColorPalette.swift */ = {isa = PBXFileReference; fileEncoding = 4; lastKnownFileType = sourcecode.swift; name = ColorPalette.swift; path = Presentation/ColorPalette.swift; sourceTree = "<group>"; };
		1A8B5C851DE5EE1100E11D14 /* ingredients-512.png */ = {isa = PBXFileReference; lastKnownFileType = image.png; name = "ingredients-512.png"; path = "MiRoRecipeBook/Resources/Images/ingredients-512.png"; sourceTree = "<group>"; };
		1A8B5C871DE5EF2300E11D14 /* ingredients-64.png */ = {isa = PBXFileReference; lastKnownFileType = image.png; name = "ingredients-64.png"; path = "MiRoRecipeBook/Resources/Images/ingredients-64.png"; sourceTree = "<group>"; };
		1A8B5C891DE5F11700E11D14 /* IntegrientsTableViewController.swift */ = {isa = PBXFileReference; fileEncoding = 4; lastKnownFileType = sourcecode.swift; name = IntegrientsTableViewController.swift; path = Presentation/IntegrientsTableViewController.swift; sourceTree = "<group>"; };
		1A94ED5F1E01B1ED00572ABE /* Recipe+CoreDataClass.swift */ = {isa = PBXFileReference; fileEncoding = 4; lastKnownFileType = sourcecode.swift; path = "Recipe+CoreDataClass.swift"; sourceTree = "<group>"; };
		1A94ED601E01B1ED00572ABE /* Recipe+CoreDataProperties.swift */ = {isa = PBXFileReference; fileEncoding = 4; lastKnownFileType = sourcecode.swift; path = "Recipe+CoreDataProperties.swift"; sourceTree = "<group>"; };
		1A94ED611E01B1ED00572ABE /* RecipeIngredient+CoreDataClass.swift */ = {isa = PBXFileReference; fileEncoding = 4; lastKnownFileType = sourcecode.swift; path = "RecipeIngredient+CoreDataClass.swift"; sourceTree = "<group>"; };
		1A94ED621E01B1ED00572ABE /* RecipeIngredient+CoreDataProperties.swift */ = {isa = PBXFileReference; fileEncoding = 4; lastKnownFileType = sourcecode.swift; path = "RecipeIngredient+CoreDataProperties.swift"; sourceTree = "<group>"; };
		1A94ED631E01B1ED00572ABE /* RecipeStep+CoreDataClass.swift */ = {isa = PBXFileReference; fileEncoding = 4; lastKnownFileType = sourcecode.swift; path = "RecipeStep+CoreDataClass.swift"; sourceTree = "<group>"; };
		1A94ED641E01B1ED00572ABE /* RecipeStep+CoreDataProperties.swift */ = {isa = PBXFileReference; fileEncoding = 4; lastKnownFileType = sourcecode.swift; path = "RecipeStep+CoreDataProperties.swift"; sourceTree = "<group>"; };
		1A94ED651E01B1ED00572ABE /* Ingredient+CoreDataClass.swift */ = {isa = PBXFileReference; fileEncoding = 4; lastKnownFileType = sourcecode.swift; path = "Ingredient+CoreDataClass.swift"; sourceTree = "<group>"; };
		1A94ED661E01B1ED00572ABE /* Ingredient+CoreDataProperties.swift */ = {isa = PBXFileReference; fileEncoding = 4; lastKnownFileType = sourcecode.swift; path = "Ingredient+CoreDataProperties.swift"; sourceTree = "<group>"; };
		1A94ED6F1E028C1200572ABE /* IngredientsAndStepsTableViewDelegate.swift */ = {isa = PBXFileReference; fileEncoding = 4; lastKnownFileType = sourcecode.swift; name = IngredientsAndStepsTableViewDelegate.swift; path = Presentation/Recipes/IngredientsAndStepsTableViewDelegate.swift; sourceTree = "<group>"; };
		1A94ED711E028C5700572ABE /* RecipeDetailTableViewDatasource.swift */ = {isa = PBXFileReference; fileEncoding = 4; lastKnownFileType = sourcecode.swift; name = RecipeDetailTableViewDatasource.swift; path = Presentation/Recipes/RecipeDetailTableViewDatasource.swift; sourceTree = "<group>"; };
		1A94ED761E0333D100572ABE /* number9.png */ = {isa = PBXFileReference; lastKnownFileType = image.png; path = number9.png; sourceTree = "<group>"; };
		1A94ED771E0333D100572ABE /* number8.png */ = {isa = PBXFileReference; lastKnownFileType = image.png; path = number8.png; sourceTree = "<group>"; };
		1A94ED781E0333D100572ABE /* number7.png */ = {isa = PBXFileReference; lastKnownFileType = image.png; path = number7.png; sourceTree = "<group>"; };
		1A94ED791E0333D100572ABE /* number6.png */ = {isa = PBXFileReference; lastKnownFileType = image.png; path = number6.png; sourceTree = "<group>"; };
		1A94ED7A1E0333D100572ABE /* number5.png */ = {isa = PBXFileReference; lastKnownFileType = image.png; path = number5.png; sourceTree = "<group>"; };
		1A94ED7B1E0333D100572ABE /* number4.png */ = {isa = PBXFileReference; lastKnownFileType = image.png; path = number4.png; sourceTree = "<group>"; };
		1A94ED7C1E0333D100572ABE /* number3.png */ = {isa = PBXFileReference; lastKnownFileType = image.png; path = number3.png; sourceTree = "<group>"; };
		1A94ED7D1E0333D100572ABE /* number2.png */ = {isa = PBXFileReference; lastKnownFileType = image.png; path = number2.png; sourceTree = "<group>"; };
		1A94ED7E1E0333D100572ABE /* number1.png */ = {isa = PBXFileReference; lastKnownFileType = image.png; path = number1.png; sourceTree = "<group>"; };
		1A94ED7F1E0333D100572ABE /* number0.png */ = {isa = PBXFileReference; lastKnownFileType = image.png; path = number0.png; sourceTree = "<group>"; };
		1A94ED8A1E03D6F700572ABE /* RecipeCollectionViewController.swift */ = {isa = PBXFileReference; fileEncoding = 4; lastKnownFileType = sourcecode.swift; name = RecipeCollectionViewController.swift; path = Presentation/Recipes/RecipeCollectionViewController.swift; sourceTree = "<group>"; };
		1A94ED8C1E03E76600572ABE /* photo-frame.png */ = {isa = PBXFileReference; lastKnownFileType = image.png; path = "photo-frame.png"; sourceTree = "<group>"; };
		1AAC50EF1DEC5AFC00EFEC1B /* RecipeWebService.swift */ = {isa = PBXFileReference; fileEncoding = 4; lastKnownFileType = sourcecode.swift; name = RecipeWebService.swift; path = Services/RecipeWebService.swift; sourceTree = "<group>"; };
		1AAC50F11DEDA29400EFEC1B /* RecipeStep+Parsing.swift */ = {isa = PBXFileReference; fileEncoding = 4; lastKnownFileType = sourcecode.swift; name = "RecipeStep+Parsing.swift"; path = "Data/RecipeStep+Parsing.swift"; sourceTree = "<group>"; };
		1AAF719D1DF5C113002F4293 /* Integrient+Parsing.swift */ = {isa = PBXFileReference; fileEncoding = 4; lastKnownFileType = sourcecode.swift; name = "Integrient+Parsing.swift"; path = "Data/Integrient+Parsing.swift"; sourceTree = "<group>"; };
/* End PBXFileReference section */

/* Begin PBXFrameworksBuildPhase section */
		1A8B5C251DE4E87200E11D14 /* Frameworks */ = {
			isa = PBXFrameworksBuildPhase;
			buildActionMask = 2147483647;
			files = (
				47334B7E056F7E9A512C1BE1 /* Pods_MiRoRecipeBook.framework in Frameworks */,
			);
			runOnlyForDeploymentPostprocessing = 0;
		};
		1A8B5C3C1DE4E87200E11D14 /* Frameworks */ = {
			isa = PBXFrameworksBuildPhase;
			buildActionMask = 2147483647;
			files = (
			);
			runOnlyForDeploymentPostprocessing = 0;
		};
		1A8B5C471DE4E87200E11D14 /* Frameworks */ = {
			isa = PBXFrameworksBuildPhase;
			buildActionMask = 2147483647;
			files = (
			);
			runOnlyForDeploymentPostprocessing = 0;
		};
/* End PBXFrameworksBuildPhase section */

/* Begin PBXGroup section */
		1A0C10C41DE6DB9E00935B33 /* Services */ = {
			isa = PBXGroup;
			children = (
				1A5317771DEB3D19002FF14B /* RecipeManager.swift */,
				1AAC50EF1DEC5AFC00EFEC1B /* RecipeWebService.swift */,
				1A19CC9C1E00A0F600A3DA32 /* CoreDataManager.h */,
				1A19CC9D1E00A0F600A3DA32 /* CoreDataManager.m */,
			);
			name = Services;
			sourceTree = "<group>";
		};
		1A0C10CB1DE6EA7900935B33 /* Data */ = {
			isa = PBXGroup;
			children = (
				1A94ED5F1E01B1ED00572ABE /* Recipe+CoreDataClass.swift */,
				1A94ED601E01B1ED00572ABE /* Recipe+CoreDataProperties.swift */,
				1A94ED611E01B1ED00572ABE /* RecipeIngredient+CoreDataClass.swift */,
				1A94ED621E01B1ED00572ABE /* RecipeIngredient+CoreDataProperties.swift */,
				1A94ED631E01B1ED00572ABE /* RecipeStep+CoreDataClass.swift */,
				1A94ED641E01B1ED00572ABE /* RecipeStep+CoreDataProperties.swift */,
				1A94ED651E01B1ED00572ABE /* Ingredient+CoreDataClass.swift */,
				1A94ED661E01B1ED00572ABE /* Ingredient+CoreDataProperties.swift */,
				1A5317751DEB2EA4002FF14B /* Recipe+Parsing.swift */,
				1AAC50F11DEDA29400EFEC1B /* RecipeStep+Parsing.swift */,
				1A19CC901E0031E700A3DA32 /* RecipeIngredient+Parsing.swift */,
				1AAF719D1DF5C113002F4293 /* Integrient+Parsing.swift */,
			);
			name = Data;
			sourceTree = "<group>";
		};
		1A68C3091DFE08B000C025E4 /* Settings */ = {
			isa = PBXGroup;
			children = (
				1A0C10C21DE627EC00935B33 /* SettingsTableViewController.swift */,
				1A68C30B1DFE08F600C025E4 /* SettingsWireframe.swift */,
				1A68C3131DFEC56800C025E4 /* Settings.storyboard */,
			);
			name = Settings;
			sourceTree = "<group>";
		};
		1A68C3171DFECC5500C025E4 /* App */ = {
			isa = PBXGroup;
			children = (
				1A8B5C2B1DE4E87200E11D14 /* AppDelegate.swift */,
				1A68C30F1DFE0A9300C025E4 /* AppDependecies.swift */,
				1A68C3151DFECC1000C025E4 /* AppWireframe.swift */,
				1A8B5C671DE4EBD400E11D14 /* HintViewController.swift */,
				1A8B5C681DE4EBD400E11D14 /* MenuTableViewController.swift */,
				1A68C3181DFECC7700C025E4 /* App.storyboard */,
			);
			name = App;
			sourceTree = "<group>";
		};
		1A68C31A1DFF393900C025E4 /* Recipes */ = {
			isa = PBXGroup;
			children = (
				1A68C31B1DFF395300C025E4 /* RecipesWireframe.swift */,
				1A8B5C691DE4EBD400E11D14 /* RecipesTableViewController.swift */,
				1A94ED8A1E03D6F700572ABE /* RecipeCollectionViewController.swift */,
				1A5317711DEB1BB0002FF14B /* RecipeDetailViewController.swift */,
				1A94ED6F1E028C1200572ABE /* IngredientsAndStepsTableViewDelegate.swift */,
				1A94ED711E028C5700572ABE /* RecipeDetailTableViewDatasource.swift */,
				1A68C31D1DFF397800C025E4 /* Recipes.storyboard */,
			);
			name = Recipes;
			sourceTree = "<group>";
		};
		1A68C3271E000DF700C025E4 /* Utils */ = {
			isa = PBXGroup;
			children = (
				1A68C3281E000E0B00C025E4 /* Localizable.swift */,
			);
			name = Utils;
			sourceTree = "<group>";
		};
		1A8B5C1F1DE4E87200E11D14 = {
			isa = PBXGroup;
			children = (
				1A8B5C2A1DE4E87200E11D14 /* MiRoRecipeBook */,
				1A8B5C421DE4E87200E11D14 /* MiRoRecipeBookTests */,
				1A8B5C4D1DE4E87200E11D14 /* MiRoRecipeBookUITests */,
				1A8B5C5C1DE4E9B000E11D14 /* Libs */,
				1A8B5C731DE4EBFB00E11D14 /* Resources */,
				1A8B5C291DE4E87200E11D14 /* Products */,
				AF1CCD9BD17BD6D1C433FB56 /* Pods */,
				9A9C277898A936F4A689B552 /* Frameworks */,
			);
			sourceTree = "<group>";
		};
		1A8B5C291DE4E87200E11D14 /* Products */ = {
			isa = PBXGroup;
			children = (
				1A8B5C281DE4E87200E11D14 /* MiRoRecipeBook.app */,
				1A8B5C3F1DE4E87200E11D14 /* MiRoRecipeBookTests.xctest */,
				1A8B5C4A1DE4E87200E11D14 /* MiRoRecipeBookUITests.xctest */,
			);
			name = Products;
			sourceTree = "<group>";
		};
		1A8B5C2A1DE4E87200E11D14 /* MiRoRecipeBook */ = {
			isa = PBXGroup;
			children = (
				1A0C10CB1DE6EA7900935B33 /* Data */,
				1A0C10C41DE6DB9E00935B33 /* Services */,
				1A8B5C661DE4EBB500E11D14 /* Presentation */,
				1A68C3271E000DF700C025E4 /* Utils */,
				1A8B5C351DE4E87200E11D14 /* Assets.xcassets */,
				1A8B5C371DE4E87200E11D14 /* LaunchScreen.storyboard */,
				1A8B5C3A1DE4E87200E11D14 /* Info.plist */,
				1A8B5C321DE4E87200E11D14 /* MiRoRecipeBook.xcdatamodeld */,
			);
			path = MiRoRecipeBook;
			sourceTree = "<group>";
		};
		1A8B5C421DE4E87200E11D14 /* MiRoRecipeBookTests */ = {
			isa = PBXGroup;
			children = (
				1A8B5C431DE4E87200E11D14 /* MiRoRecipeBookTests.swift */,
				1A8B5C451DE4E87200E11D14 /* Info.plist */,
			);
			path = MiRoRecipeBookTests;
			sourceTree = "<group>";
		};
		1A8B5C4D1DE4E87200E11D14 /* MiRoRecipeBookUITests */ = {
			isa = PBXGroup;
			children = (
				1A8B5C4E1DE4E87200E11D14 /* MiRoRecipeBookUITests.swift */,
				1A8B5C501DE4E87200E11D14 /* Info.plist */,
			);
			path = MiRoRecipeBookUITests;
			sourceTree = "<group>";
		};
		1A8B5C5C1DE4E9B000E11D14 /* Libs */ = {
			isa = PBXGroup;
			children = (
				1A8B5C5D1DE4E9BE00E11D14 /* SWRevealViewController */,
				1A8B5C5E1DE4E9FE00E11D14 /* MiRoRecipeBook-Bridging-Header.h */,
				1A8B5C5F1DE4E9FE00E11D14 /* MiRoRecipeBookTests-Bridging-Header.h */,
				1A8B5C601DE4E9FE00E11D14 /* MiRoRecipeBookUITests-Bridging-Header.h */,
			);
			name = Libs;
			sourceTree = "<group>";
		};
		1A8B5C5D1DE4E9BE00E11D14 /* SWRevealViewController */ = {
			isa = PBXGroup;
			children = (
				1A8B5C611DE4E9FE00E11D14 /* SWRevealViewController.h */,
				1A8B5C621DE4E9FE00E11D14 /* SWRevealViewController.m */,
			);
			name = SWRevealViewController;
			sourceTree = "<group>";
		};
		1A8B5C661DE4EBB500E11D14 /* Presentation */ = {
			isa = PBXGroup;
			children = (
				1A68C3171DFECC5500C025E4 /* App */,
				1A68C31A1DFF393900C025E4 /* Recipes */,
				1A8B5C811DE579B600E11D14 /* Integrients */,
				1A68C3091DFE08B000C025E4 /* Settings */,
				1A8B5C821DE579C300E11D14 /* Views */,
				1A8B5C831DE579E200E11D14 /* ColorPalette.swift */,
				1A68C30D1DFE093800C025E4 /* CommonWireframe.swift */,
				1A68C3111DFEC40F00C025E4 /* UIViewController+Storyboard.swift */,
			);
			name = Presentation;
			sourceTree = "<group>";
		};
		1A8B5C731DE4EBFB00E11D14 /* Resources */ = {
			isa = PBXGroup;
			children = (
				1A8B5C741DE4EC2400E11D14 /* Images */,
				1A68C32E1E000E9100C025E4 /* Localizable.strings */,
			);
			name = Resources;
			sourceTree = "<group>";
		};
		1A8B5C741DE4EC2400E11D14 /* Images */ = {
			isa = PBXGroup;
			children = (
				1A94ED761E0333D100572ABE /* number9.png */,
				1A94ED771E0333D100572ABE /* number8.png */,
				1A94ED781E0333D100572ABE /* number7.png */,
				1A94ED791E0333D100572ABE /* number6.png */,
				1A94ED7A1E0333D100572ABE /* number5.png */,
				1A94ED7B1E0333D100572ABE /* number4.png */,
				1A94ED7C1E0333D100572ABE /* number3.png */,
				1A94ED7D1E0333D100572ABE /* number2.png */,
				1A94ED7E1E0333D100572ABE /* number1.png */,
				1A94ED7F1E0333D100572ABE /* number0.png */,
				1A19CC921E003EA400A3DA32 /* explore.png */,
				1A68C3211DFF470800C025E4 /* recipe_background.jpg */,
				1A68C3071DFE000100C025E4 /* sync-64.png */,
				1A68C3051DFDFFA400C025E4 /* settings-64.png */,
				1A45C0901DEF730E009C9C4E /* recipe-default-image.png */,
				1A8B5C751DE4EC2F00E11D14 /* menu-alt-24.png */,
				1A94ED8C1E03E76600572ABE /* photo-frame.png */,
				1A8B5C761DE4EC2F00E11D14 /* menu-alt-32.png */,
				1A19CC961E004E9900A3DA32 /* menu-ingredients.png */,
				1A19CC971E004E9900A3DA32 /* menu-recipe.png */,
				1A19CC981E004E9900A3DA32 /* menu-settings.png */,
				1A8B5C771DE4EC2F00E11D14 /* menu-alt-512.png */,
				1A8B5C871DE5EF2300E11D14 /* ingredients-64.png */,
				1A8B5C851DE5EE1100E11D14 /* ingredients-512.png */,
			);
			name = Images;
			sourceTree = "<group>";
		};
		1A8B5C811DE579B600E11D14 /* Integrients */ = {
			isa = PBXGroup;
			children = (
				1A68C31F1DFF437F00C025E4 /* IntegrientsWireframe.swift */,
				1A8B5C891DE5F11700E11D14 /* IntegrientsTableViewController.swift */,
				1A68C3231DFFE47900C025E4 /* IngredientRecipesDetailViewController.swift */,
				1A8B5C2F1DE4E87200E11D14 /* Ingredients.storyboard */,
			);
			name = Integrients;
			sourceTree = "<group>";
		};
		1A8B5C821DE579C300E11D14 /* Views */ = {
			isa = PBXGroup;
			children = (
				1A19CC941E0041EA00A3DA32 /* UIRoundedImageView.swift */,
			);
			name = Views;
			sourceTree = "<group>";
		};
		9A9C277898A936F4A689B552 /* Frameworks */ = {
			isa = PBXGroup;
			children = (
				09B87F787982A074FDE21D6D /* Pods_MiRoRecipeBook.framework */,
			);
			name = Frameworks;
			sourceTree = "<group>";
		};
		AF1CCD9BD17BD6D1C433FB56 /* Pods */ = {
			isa = PBXGroup;
			children = (
				0120B57678DA6E78ECEA1273 /* Pods-MiRoRecipeBook.debug.xcconfig */,
				05094A111C1E31252AEFA12C /* Pods-MiRoRecipeBook.release.xcconfig */,
			);
			name = Pods;
			sourceTree = "<group>";
		};
/* End PBXGroup section */

/* Begin PBXNativeTarget section */
		1A8B5C271DE4E87200E11D14 /* MiRoRecipeBook */ = {
			isa = PBXNativeTarget;
			buildConfigurationList = 1A8B5C531DE4E87200E11D14 /* Build configuration list for PBXNativeTarget "MiRoRecipeBook" */;
			buildPhases = (
				47BE13EDB7E32A3CF3C58453 /* [CP] Check Pods Manifest.lock */,
				1A8B5C241DE4E87200E11D14 /* Sources */,
				1A8B5C251DE4E87200E11D14 /* Frameworks */,
				1A8B5C261DE4E87200E11D14 /* Resources */,
				7F4E6AC947064D7227725A26 /* [CP] Embed Pods Frameworks */,
				161A84498535C91212921C0A /* [CP] Copy Pods Resources */,
			);
			buildRules = (
			);
			dependencies = (
			);
			name = MiRoRecipeBook;
			productName = MiRoRecipeBook;
			productReference = 1A8B5C281DE4E87200E11D14 /* MiRoRecipeBook.app */;
			productType = "com.apple.product-type.application";
		};
		1A8B5C3E1DE4E87200E11D14 /* MiRoRecipeBookTests */ = {
			isa = PBXNativeTarget;
			buildConfigurationList = 1A8B5C561DE4E87200E11D14 /* Build configuration list for PBXNativeTarget "MiRoRecipeBookTests" */;
			buildPhases = (
				1A8B5C3B1DE4E87200E11D14 /* Sources */,
				1A8B5C3C1DE4E87200E11D14 /* Frameworks */,
				1A8B5C3D1DE4E87200E11D14 /* Resources */,
			);
			buildRules = (
			);
			dependencies = (
				1A8B5C411DE4E87200E11D14 /* PBXTargetDependency */,
			);
			name = MiRoRecipeBookTests;
			productName = MiRoRecipeBookTests;
			productReference = 1A8B5C3F1DE4E87200E11D14 /* MiRoRecipeBookTests.xctest */;
			productType = "com.apple.product-type.bundle.unit-test";
		};
		1A8B5C491DE4E87200E11D14 /* MiRoRecipeBookUITests */ = {
			isa = PBXNativeTarget;
			buildConfigurationList = 1A8B5C591DE4E87200E11D14 /* Build configuration list for PBXNativeTarget "MiRoRecipeBookUITests" */;
			buildPhases = (
				1A8B5C461DE4E87200E11D14 /* Sources */,
				1A8B5C471DE4E87200E11D14 /* Frameworks */,
				1A8B5C481DE4E87200E11D14 /* Resources */,
			);
			buildRules = (
			);
			dependencies = (
				1A8B5C4C1DE4E87200E11D14 /* PBXTargetDependency */,
			);
			name = MiRoRecipeBookUITests;
			productName = MiRoRecipeBookUITests;
			productReference = 1A8B5C4A1DE4E87200E11D14 /* MiRoRecipeBookUITests.xctest */;
			productType = "com.apple.product-type.bundle.ui-testing";
		};
/* End PBXNativeTarget section */

/* Begin PBXProject section */
		1A8B5C201DE4E87200E11D14 /* Project object */ = {
			isa = PBXProject;
			attributes = {
				LastSwiftUpdateCheck = 0810;
				LastUpgradeCheck = 0820;
				ORGANIZATIONNAME = "Mobility Media";
				TargetAttributes = {
					1A8B5C271DE4E87200E11D14 = {
						CreatedOnToolsVersion = 8.1;
						DevelopmentTeam = 45U4U6SXCJ;
						LastSwiftMigration = 0810;
						ProvisioningStyle = Automatic;
					};
					1A8B5C3E1DE4E87200E11D14 = {
						CreatedOnToolsVersion = 8.1;
						DevelopmentTeam = 45U4U6SXCJ;
						LastSwiftMigration = 0810;
						ProvisioningStyle = Automatic;
						TestTargetID = 1A8B5C271DE4E87200E11D14;
					};
					1A8B5C491DE4E87200E11D14 = {
						CreatedOnToolsVersion = 8.1;
						DevelopmentTeam = 45U4U6SXCJ;
						LastSwiftMigration = 0810;
						ProvisioningStyle = Automatic;
						TestTargetID = 1A8B5C271DE4E87200E11D14;
					};
				};
			};
			buildConfigurationList = 1A8B5C231DE4E87200E11D14 /* Build configuration list for PBXProject "MiRoRecipeBook" */;
			compatibilityVersion = "Xcode 3.2";
			developmentRegion = English;
			hasScannedForEncodings = 0;
			knownRegions = (
				en,
				Base,
				de,
			);
			mainGroup = 1A8B5C1F1DE4E87200E11D14;
			productRefGroup = 1A8B5C291DE4E87200E11D14 /* Products */;
			projectDirPath = "";
			projectRoot = "";
			targets = (
				1A8B5C271DE4E87200E11D14 /* MiRoRecipeBook */,
				1A8B5C3E1DE4E87200E11D14 /* MiRoRecipeBookTests */,
				1A8B5C491DE4E87200E11D14 /* MiRoRecipeBookUITests */,
			);
		};
/* End PBXProject section */

/* Begin PBXResourcesBuildPhase section */
		1A8B5C261DE4E87200E11D14 /* Resources */ = {
			isa = PBXResourcesBuildPhase;
			buildActionMask = 2147483647;
			files = (
				1A8B5C881DE5EF2300E11D14 /* ingredients-64.png in Resources */,
				1A19CC991E004E9900A3DA32 /* menu-ingredients.png in Resources */,
				1A8B5C861DE5EE1100E11D14 /* ingredients-512.png in Resources */,
				1A68C3081DFE000100C025E4 /* sync-64.png in Resources */,
				1A8B5C781DE4EC2F00E11D14 /* menu-alt-24.png in Resources */,
				1A94ED871E0333D100572ABE /* number2.png in Resources */,
				1A94ED831E0333D100572ABE /* number6.png in Resources */,
				1A94ED801E0333D100572ABE /* number9.png in Resources */,
				1A94ED841E0333D100572ABE /* number5.png in Resources */,
				1A94ED8D1E03E76600572ABE /* photo-frame.png in Resources */,
				1A68C3221DFF470800C025E4 /* recipe_background.jpg in Resources */,
				1A94ED851E0333D100572ABE /* number4.png in Resources */,
				1A68C31E1DFF397800C025E4 /* Recipes.storyboard in Resources */,
				1A94ED821E0333D100572ABE /* number7.png in Resources */,
				1A19CC9B1E004E9900A3DA32 /* menu-settings.png in Resources */,
				1A68C3191DFECC7700C025E4 /* App.storyboard in Resources */,
				1A8B5C7E1DE4EC2F00E11D14 /* menu-alt-512.png in Resources */,
				1A8B5C7B1DE4EC2F00E11D14 /* menu-alt-32.png in Resources */,
				1A94ED891E0333D100572ABE /* number0.png in Resources */,
				1A19CC9A1E004E9900A3DA32 /* menu-recipe.png in Resources */,
				1A94ED861E0333D100572ABE /* number3.png in Resources */,
				1A45C0911DEF730E009C9C4E /* recipe-default-image.png in Resources */,
				1A68C3061DFDFFA400C025E4 /* settings-64.png in Resources */,
				1A8B5C391DE4E87200E11D14 /* LaunchScreen.storyboard in Resources */,
				1A8B5C361DE4E87200E11D14 /* Assets.xcassets in Resources */,
				1A94ED881E0333D100572ABE /* number1.png in Resources */,
				1A94ED811E0333D100572ABE /* number8.png in Resources */,
				1A68C32C1E000E9100C025E4 /* Localizable.strings in Resources */,
				1A19CC931E003EA400A3DA32 /* explore.png in Resources */,
				1A68C3141DFEC56800C025E4 /* Settings.storyboard in Resources */,
				1A8B5C311DE4E87200E11D14 /* Ingredients.storyboard in Resources */,
			);
			runOnlyForDeploymentPostprocessing = 0;
		};
		1A8B5C3D1DE4E87200E11D14 /* Resources */ = {
			isa = PBXResourcesBuildPhase;
			buildActionMask = 2147483647;
			files = (
				1A8B5C791DE4EC2F00E11D14 /* menu-alt-24.png in Resources */,
				1A8B5C7F1DE4EC2F00E11D14 /* menu-alt-512.png in Resources */,
				1A8B5C7C1DE4EC2F00E11D14 /* menu-alt-32.png in Resources */,
			);
			runOnlyForDeploymentPostprocessing = 0;
		};
		1A8B5C481DE4E87200E11D14 /* Resources */ = {
			isa = PBXResourcesBuildPhase;
			buildActionMask = 2147483647;
			files = (
				1A8B5C7A1DE4EC2F00E11D14 /* menu-alt-24.png in Resources */,
				1A8B5C801DE4EC2F00E11D14 /* menu-alt-512.png in Resources */,
				1A8B5C7D1DE4EC2F00E11D14 /* menu-alt-32.png in Resources */,
			);
			runOnlyForDeploymentPostprocessing = 0;
		};
/* End PBXResourcesBuildPhase section */

/* Begin PBXShellScriptBuildPhase section */
		161A84498535C91212921C0A /* [CP] Copy Pods Resources */ = {
			isa = PBXShellScriptBuildPhase;
			buildActionMask = 2147483647;
			files = (
			);
			inputPaths = (
			);
			name = "[CP] Copy Pods Resources";
			outputPaths = (
			);
			runOnlyForDeploymentPostprocessing = 0;
			shellPath = /bin/sh;
			shellScript = "\"${SRCROOT}/../Pods/Target Support Files/Pods-MiRoRecipeBook/Pods-MiRoRecipeBook-resources.sh\"\n";
			showEnvVarsInLog = 0;
		};
		47BE13EDB7E32A3CF3C58453 /* [CP] Check Pods Manifest.lock */ = {
			isa = PBXShellScriptBuildPhase;
			buildActionMask = 2147483647;
			files = (
			);
			inputPaths = (
			);
			name = "[CP] Check Pods Manifest.lock";
			outputPaths = (
			);
			runOnlyForDeploymentPostprocessing = 0;
			shellPath = /bin/sh;
			shellScript = "diff \"${PODS_ROOT}/../Podfile.lock\" \"${PODS_ROOT}/Manifest.lock\" > /dev/null\nif [ $? != 0 ] ; then\n    # print error to STDERR\n    echo \"error: The sandbox is not in sync with the Podfile.lock. Run 'pod install' or update your CocoaPods installation.\" >&2\n    exit 1\nfi\n";
			showEnvVarsInLog = 0;
		};
		7F4E6AC947064D7227725A26 /* [CP] Embed Pods Frameworks */ = {
			isa = PBXShellScriptBuildPhase;
			buildActionMask = 2147483647;
			files = (
			);
			inputPaths = (
			);
			name = "[CP] Embed Pods Frameworks";
			outputPaths = (
			);
			runOnlyForDeploymentPostprocessing = 0;
			shellPath = /bin/sh;
			shellScript = "\"${SRCROOT}/../Pods/Target Support Files/Pods-MiRoRecipeBook/Pods-MiRoRecipeBook-frameworks.sh\"\n";
			showEnvVarsInLog = 0;
		};
/* End PBXShellScriptBuildPhase section */

/* Begin PBXSourcesBuildPhase section */
		1A8B5C241DE4E87200E11D14 /* Sources */ = {
			isa = PBXSourcesBuildPhase;
			buildActionMask = 2147483647;
			files = (
				1A8B5C341DE4E87200E11D14 /* MiRoRecipeBook.xcdatamodeld in Sources */,
				1A68C31C1DFF395300C025E4 /* RecipesWireframe.swift in Sources */,
				1A94ED8B1E03D6F700572ABE /* RecipeCollectionViewController.swift in Sources */,
				1A68C30C1DFE08F600C025E4 /* SettingsWireframe.swift in Sources */,
				1A68C3201DFF437F00C025E4 /* IntegrientsWireframe.swift in Sources */,
				1A5317781DEB3D1A002FF14B /* RecipeManager.swift in Sources */,
				1A8B5C2C1DE4E87200E11D14 /* AppDelegate.swift in Sources */,
				1A8B5C8A1DE5F11700E11D14 /* IntegrientsTableViewController.swift in Sources */,
				1A68C3291E000E0B00C025E4 /* Localizable.swift in Sources */,
				1A94ED681E01B1ED00572ABE /* Recipe+CoreDataProperties.swift in Sources */,
				1A68C30E1DFE093800C025E4 /* CommonWireframe.swift in Sources */,
				1A94ED671E01B1ED00572ABE /* Recipe+CoreDataClass.swift in Sources */,
				1A8B5C6D1DE4EBD400E11D14 /* MenuTableViewController.swift in Sources */,
				1A8B5C631DE4E9FE00E11D14 /* SWRevealViewController.m in Sources */,
				1A5317761DEB2EA4002FF14B /* Recipe+Parsing.swift in Sources */,
				1A94ED6D1E01B1ED00572ABE /* Ingredient+CoreDataClass.swift in Sources */,
				1A8B5C701DE4EBD400E11D14 /* RecipesTableViewController.swift in Sources */,
				1AAC50F01DEC5AFC00EFEC1B /* RecipeWebService.swift in Sources */,
				1A94ED701E028C1200572ABE /* IngredientsAndStepsTableViewDelegate.swift in Sources */,
				1A19CC951E0041EA00A3DA32 /* UIRoundedImageView.swift in Sources */,
				1A94ED6B1E01B1ED00572ABE /* RecipeStep+CoreDataClass.swift in Sources */,
				1A94ED6A1E01B1ED00572ABE /* RecipeIngredient+CoreDataProperties.swift in Sources */,
				1A8B5C841DE579E200E11D14 /* ColorPalette.swift in Sources */,
				1A8B5C6A1DE4EBD400E11D14 /* HintViewController.swift in Sources */,
				1A5317721DEB1BB0002FF14B /* RecipeDetailViewController.swift in Sources */,
				1A94ED721E028C5700572ABE /* RecipeDetailTableViewDatasource.swift in Sources */,
				1A19CC911E0031E700A3DA32 /* RecipeIngredient+Parsing.swift in Sources */,
				1A68C3161DFECC1000C025E4 /* AppWireframe.swift in Sources */,
				1A68C3241DFFE47900C025E4 /* IngredientRecipesDetailViewController.swift in Sources */,
				1AAF719E1DF5C113002F4293 /* Integrient+Parsing.swift in Sources */,
				1A0C10C31DE627EC00935B33 /* SettingsTableViewController.swift in Sources */,
				1A68C3121DFEC40F00C025E4 /* UIViewController+Storyboard.swift in Sources */,
				1A94ED6E1E01B1ED00572ABE /* Ingredient+CoreDataProperties.swift in Sources */,
				1AAC50F21DEDA29400EFEC1B /* RecipeStep+Parsing.swift in Sources */,
				1A19CC9E1E00A0F600A3DA32 /* CoreDataManager.m in Sources */,
				1A94ED691E01B1ED00572ABE /* RecipeIngredient+CoreDataClass.swift in Sources */,
				1A94ED6C1E01B1ED00572ABE /* RecipeStep+CoreDataProperties.swift in Sources */,
				1A68C3101DFE0A9300C025E4 /* AppDependecies.swift in Sources */,
			);
			runOnlyForDeploymentPostprocessing = 0;
		};
		1A8B5C3B1DE4E87200E11D14 /* Sources */ = {
			isa = PBXSourcesBuildPhase;
			buildActionMask = 2147483647;
			files = (
				1A8B5C6E1DE4EBD400E11D14 /* MenuTableViewController.swift in Sources */,
				1A8B5C6B1DE4EBD400E11D14 /* HintViewController.swift in Sources */,
				1A8B5C8B1DE5F11700E11D14 /* IntegrientsTableViewController.swift in Sources */,
				1A8B5C441DE4E87200E11D14 /* MiRoRecipeBookTests.swift in Sources */,
				1A8B5C641DE4E9FE00E11D14 /* SWRevealViewController.m in Sources */,
				1A8B5C711DE4EBD400E11D14 /* RecipesTableViewController.swift in Sources */,
			);
			runOnlyForDeploymentPostprocessing = 0;
		};
		1A8B5C461DE4E87200E11D14 /* Sources */ = {
			isa = PBXSourcesBuildPhase;
			buildActionMask = 2147483647;
			files = (
				1A8B5C6F1DE4EBD400E11D14 /* MenuTableViewController.swift in Sources */,
				1A8B5C6C1DE4EBD400E11D14 /* HintViewController.swift in Sources */,
				1A8B5C8C1DE5F11700E11D14 /* IntegrientsTableViewController.swift in Sources */,
				1A8B5C4F1DE4E87200E11D14 /* MiRoRecipeBookUITests.swift in Sources */,
				1A8B5C651DE4E9FE00E11D14 /* SWRevealViewController.m in Sources */,
				1A8B5C721DE4EBD400E11D14 /* RecipesTableViewController.swift in Sources */,
			);
			runOnlyForDeploymentPostprocessing = 0;
		};
/* End PBXSourcesBuildPhase section */

/* Begin PBXTargetDependency section */
		1A8B5C411DE4E87200E11D14 /* PBXTargetDependency */ = {
			isa = PBXTargetDependency;
			target = 1A8B5C271DE4E87200E11D14 /* MiRoRecipeBook */;
			targetProxy = 1A8B5C401DE4E87200E11D14 /* PBXContainerItemProxy */;
		};
		1A8B5C4C1DE4E87200E11D14 /* PBXTargetDependency */ = {
			isa = PBXTargetDependency;
			target = 1A8B5C271DE4E87200E11D14 /* MiRoRecipeBook */;
			targetProxy = 1A8B5C4B1DE4E87200E11D14 /* PBXContainerItemProxy */;
		};
/* End PBXTargetDependency section */

/* Begin PBXVariantGroup section */
		1A68C32E1E000E9100C025E4 /* Localizable.strings */ = {
			isa = PBXVariantGroup;
			children = (
				1A68C32D1E000E9100C025E4 /* en */,
				1A68C32F1E000EE700C025E4 /* de */,
			);
			name = Localizable.strings;
			path = MiRoRecipeBook/Resources;
			sourceTree = "<group>";
		};
		1A8B5C2F1DE4E87200E11D14 /* Ingredients.storyboard */ = {
			isa = PBXVariantGroup;
			children = (
				1A8B5C301DE4E87200E11D14 /* Base */,
			);
			name = Ingredients.storyboard;
			sourceTree = "<group>";
		};
		1A8B5C371DE4E87200E11D14 /* LaunchScreen.storyboard */ = {
			isa = PBXVariantGroup;
			children = (
				1A8B5C381DE4E87200E11D14 /* Base */,
			);
			name = LaunchScreen.storyboard;
			sourceTree = "<group>";
		};
/* End PBXVariantGroup section */

/* Begin XCBuildConfiguration section */
		1A8B5C511DE4E87200E11D14 /* Debug */ = {
			isa = XCBuildConfiguration;
			buildSettings = {
				ALWAYS_SEARCH_USER_PATHS = NO;
				CLANG_ANALYZER_LOCALIZABILITY_NONLOCALIZED = YES;
				CLANG_ANALYZER_NONNULL = YES;
				CLANG_CXX_LANGUAGE_STANDARD = "gnu++0x";
				CLANG_CXX_LIBRARY = "libc++";
				CLANG_ENABLE_MODULES = YES;
				CLANG_ENABLE_OBJC_ARC = YES;
				CLANG_WARN_BOOL_CONVERSION = YES;
				CLANG_WARN_CONSTANT_CONVERSION = YES;
				CLANG_WARN_DIRECT_OBJC_ISA_USAGE = YES_ERROR;
				CLANG_WARN_DOCUMENTATION_COMMENTS = YES;
				CLANG_WARN_EMPTY_BODY = YES;
				CLANG_WARN_ENUM_CONVERSION = YES;
				CLANG_WARN_INFINITE_RECURSION = YES;
				CLANG_WARN_INT_CONVERSION = YES;
				CLANG_WARN_OBJC_ROOT_CLASS = YES_ERROR;
				CLANG_WARN_SUSPICIOUS_MOVE = YES;
				CLANG_WARN_SUSPICIOUS_MOVES = YES;
				CLANG_WARN_UNREACHABLE_CODE = YES;
				CLANG_WARN__DUPLICATE_METHOD_MATCH = YES;
				"CODE_SIGN_IDENTITY[sdk=iphoneos*]" = "iPhone Developer";
				COPY_PHASE_STRIP = NO;
				DEBUG_INFORMATION_FORMAT = dwarf;
				ENABLE_STRICT_OBJC_MSGSEND = YES;
				ENABLE_TESTABILITY = YES;
				GCC_C_LANGUAGE_STANDARD = gnu99;
				GCC_DYNAMIC_NO_PIC = NO;
				GCC_NO_COMMON_BLOCKS = YES;
				GCC_OPTIMIZATION_LEVEL = 0;
				GCC_PREPROCESSOR_DEFINITIONS = (
					"DEBUG=1",
					"$(inherited)",
				);
				GCC_WARN_64_TO_32_BIT_CONVERSION = YES;
				GCC_WARN_ABOUT_RETURN_TYPE = YES_ERROR;
				GCC_WARN_UNDECLARED_SELECTOR = YES;
				GCC_WARN_UNINITIALIZED_AUTOS = YES_AGGRESSIVE;
				GCC_WARN_UNUSED_FUNCTION = YES;
				GCC_WARN_UNUSED_VARIABLE = YES;
				IPHONEOS_DEPLOYMENT_TARGET = 9.3;
				MTL_ENABLE_DEBUG_INFO = YES;
				ONLY_ACTIVE_ARCH = YES;
				SDKROOT = iphoneos;
				SWIFT_ACTIVE_COMPILATION_CONDITIONS = DEBUG;
				SWIFT_OPTIMIZATION_LEVEL = "-Onone";
				SWIFT_VERSION = 2.3;
			};
			name = Debug;
		};
		1A8B5C521DE4E87200E11D14 /* Release */ = {
			isa = XCBuildConfiguration;
			buildSettings = {
				ALWAYS_SEARCH_USER_PATHS = NO;
				CLANG_ANALYZER_LOCALIZABILITY_NONLOCALIZED = YES;
				CLANG_ANALYZER_NONNULL = YES;
				CLANG_CXX_LANGUAGE_STANDARD = "gnu++0x";
				CLANG_CXX_LIBRARY = "libc++";
				CLANG_ENABLE_MODULES = YES;
				CLANG_ENABLE_OBJC_ARC = YES;
				CLANG_WARN_BOOL_CONVERSION = YES;
				CLANG_WARN_CONSTANT_CONVERSION = YES;
				CLANG_WARN_DIRECT_OBJC_ISA_USAGE = YES_ERROR;
				CLANG_WARN_DOCUMENTATION_COMMENTS = YES;
				CLANG_WARN_EMPTY_BODY = YES;
				CLANG_WARN_ENUM_CONVERSION = YES;
				CLANG_WARN_INFINITE_RECURSION = YES;
				CLANG_WARN_INT_CONVERSION = YES;
				CLANG_WARN_OBJC_ROOT_CLASS = YES_ERROR;
				CLANG_WARN_SUSPICIOUS_MOVE = YES;
				CLANG_WARN_SUSPICIOUS_MOVES = YES;
				CLANG_WARN_UNREACHABLE_CODE = YES;
				CLANG_WARN__DUPLICATE_METHOD_MATCH = YES;
				"CODE_SIGN_IDENTITY[sdk=iphoneos*]" = "iPhone Developer";
				COPY_PHASE_STRIP = NO;
				DEBUG_INFORMATION_FORMAT = "dwarf-with-dsym";
				ENABLE_NS_ASSERTIONS = NO;
				ENABLE_STRICT_OBJC_MSGSEND = YES;
				GCC_C_LANGUAGE_STANDARD = gnu99;
				GCC_NO_COMMON_BLOCKS = YES;
				GCC_WARN_64_TO_32_BIT_CONVERSION = YES;
				GCC_WARN_ABOUT_RETURN_TYPE = YES_ERROR;
				GCC_WARN_UNDECLARED_SELECTOR = YES;
				GCC_WARN_UNINITIALIZED_AUTOS = YES_AGGRESSIVE;
				GCC_WARN_UNUSED_FUNCTION = YES;
				GCC_WARN_UNUSED_VARIABLE = YES;
				IPHONEOS_DEPLOYMENT_TARGET = 9.3;
				MTL_ENABLE_DEBUG_INFO = NO;
				SDKROOT = iphoneos;
				SWIFT_OPTIMIZATION_LEVEL = "-Owholemodule";
				SWIFT_VERSION = 2.3;
				VALIDATE_PRODUCT = YES;
			};
			name = Release;
		};
		1A8B5C541DE4E87200E11D14 /* Debug */ = {
			isa = XCBuildConfiguration;
			baseConfigurationReference = 0120B57678DA6E78ECEA1273 /* Pods-MiRoRecipeBook.debug.xcconfig */;
			buildSettings = {
				ALWAYS_EMBED_SWIFT_STANDARD_LIBRARIES = YES;
				ASSETCATALOG_COMPILER_APPICON_NAME = AppIcon;
				CLANG_ENABLE_MODULES = YES;
				DEVELOPMENT_TEAM = 45U4U6SXCJ;
				INFOPLIST_FILE = MiRoRecipeBook/Info.plist;
				LD_RUNPATH_SEARCH_PATHS = "$(inherited) @executable_path/Frameworks";
				PRODUCT_BUNDLE_IDENTIFIER = "com.bosch.ebike.mobile-app";
				PRODUCT_NAME = "$(TARGET_NAME)";
				SWIFT_OBJC_BRIDGING_HEADER = "MiRoRecipeBook-Bridging-Header.h";
				SWIFT_OPTIMIZATION_LEVEL = "-Onone";
				SWIFT_VERSION = 3.0;
				TARGETED_DEVICE_FAMILY = 2;
			};
			name = Debug;
		};
		1A8B5C551DE4E87200E11D14 /* Release */ = {
			isa = XCBuildConfiguration;
			baseConfigurationReference = 05094A111C1E31252AEFA12C /* Pods-MiRoRecipeBook.release.xcconfig */;
			buildSettings = {
				ALWAYS_EMBED_SWIFT_STANDARD_LIBRARIES = YES;
				ASSETCATALOG_COMPILER_APPICON_NAME = AppIcon;
				CLANG_ENABLE_MODULES = YES;
				DEVELOPMENT_TEAM = 45U4U6SXCJ;
				INFOPLIST_FILE = MiRoRecipeBook/Info.plist;
				LD_RUNPATH_SEARCH_PATHS = "$(inherited) @executable_path/Frameworks";
				PRODUCT_BUNDLE_IDENTIFIER = "com.bosch.ebike.mobile-app";
				PRODUCT_NAME = "$(TARGET_NAME)";
				SWIFT_OBJC_BRIDGING_HEADER = "MiRoRecipeBook-Bridging-Header.h";
				SWIFT_VERSION = 3.0;
				TARGETED_DEVICE_FAMILY = 2;
			};
			name = Release;
		};
		1A8B5C571DE4E87200E11D14 /* Debug */ = {
			isa = XCBuildConfiguration;
			buildSettings = {
				ALWAYS_EMBED_SWIFT_STANDARD_LIBRARIES = YES;
				BUNDLE_LOADER = "$(TEST_HOST)";
				CLANG_ENABLE_MODULES = YES;
				DEVELOPMENT_TEAM = 45U4U6SXCJ;
				INFOPLIST_FILE = MiRoRecipeBookTests/Info.plist;
				LD_RUNPATH_SEARCH_PATHS = "$(inherited) @executable_path/Frameworks @loader_path/Frameworks";
				PRODUCT_BUNDLE_IDENTIFIER = MoMe.MiRoRecipeBookTests;
				PRODUCT_NAME = "$(TARGET_NAME)";
				SWIFT_OBJC_BRIDGING_HEADER = "MiRoRecipeBookTests-Bridging-Header.h";
				SWIFT_OPTIMIZATION_LEVEL = "-Onone";
				SWIFT_VERSION = 3.0;
				TEST_HOST = "$(BUILT_PRODUCTS_DIR)/MiRoRecipeBook.app/MiRoRecipeBook";
			};
			name = Debug;
		};
		1A8B5C581DE4E87200E11D14 /* Release */ = {
			isa = XCBuildConfiguration;
			buildSettings = {
				ALWAYS_EMBED_SWIFT_STANDARD_LIBRARIES = YES;
				BUNDLE_LOADER = "$(TEST_HOST)";
				CLANG_ENABLE_MODULES = YES;
				DEVELOPMENT_TEAM = 45U4U6SXCJ;
				INFOPLIST_FILE = MiRoRecipeBookTests/Info.plist;
				LD_RUNPATH_SEARCH_PATHS = "$(inherited) @executable_path/Frameworks @loader_path/Frameworks";
				PRODUCT_BUNDLE_IDENTIFIER = MoMe.MiRoRecipeBookTests;
				PRODUCT_NAME = "$(TARGET_NAME)";
				SWIFT_OBJC_BRIDGING_HEADER = "MiRoRecipeBookTests-Bridging-Header.h";
				SWIFT_VERSION = 3.0;
				TEST_HOST = "$(BUILT_PRODUCTS_DIR)/MiRoRecipeBook.app/MiRoRecipeBook";
			};
			name = Release;
		};
		1A8B5C5A1DE4E87200E11D14 /* Debug */ = {
			isa = XCBuildConfiguration;
			buildSettings = {
				ALWAYS_EMBED_SWIFT_STANDARD_LIBRARIES = YES;
				CLANG_ENABLE_MODULES = YES;
				DEVELOPMENT_TEAM = 45U4U6SXCJ;
				INFOPLIST_FILE = MiRoRecipeBookUITests/Info.plist;
				LD_RUNPATH_SEARCH_PATHS = "$(inherited) @executable_path/Frameworks @loader_path/Frameworks";
				PRODUCT_BUNDLE_IDENTIFIER = MoMe.MiRoRecipeBookUITests;
				PRODUCT_NAME = "$(TARGET_NAME)";
				SWIFT_OBJC_BRIDGING_HEADER = "MiRoRecipeBookUITests-Bridging-Header.h";
				SWIFT_OPTIMIZATION_LEVEL = "-Onone";
				SWIFT_VERSION = 3.0;
				TEST_TARGET_NAME = MiRoRecipeBook;
			};
			name = Debug;
		};
		1A8B5C5B1DE4E87200E11D14 /* Release */ = {
			isa = XCBuildConfiguration;
			buildSettings = {
				ALWAYS_EMBED_SWIFT_STANDARD_LIBRARIES = YES;
				CLANG_ENABLE_MODULES = YES;
				DEVELOPMENT_TEAM = 45U4U6SXCJ;
				INFOPLIST_FILE = MiRoRecipeBookUITests/Info.plist;
				LD_RUNPATH_SEARCH_PATHS = "$(inherited) @executable_path/Frameworks @loader_path/Frameworks";
				PRODUCT_BUNDLE_IDENTIFIER = MoMe.MiRoRecipeBookUITests;
				PRODUCT_NAME = "$(TARGET_NAME)";
				SWIFT_OBJC_BRIDGING_HEADER = "MiRoRecipeBookUITests-Bridging-Header.h";
				SWIFT_VERSION = 3.0;
				TEST_TARGET_NAME = MiRoRecipeBook;
			};
			name = Release;
		};
/* End XCBuildConfiguration section */

/* Begin XCConfigurationList section */
		1A8B5C231DE4E87200E11D14 /* Build configuration list for PBXProject "MiRoRecipeBook" */ = {
			isa = XCConfigurationList;
			buildConfigurations = (
				1A8B5C511DE4E87200E11D14 /* Debug */,
				1A8B5C521DE4E87200E11D14 /* Release */,
			);
			defaultConfigurationIsVisible = 0;
			defaultConfigurationName = Release;
		};
		1A8B5C531DE4E87200E11D14 /* Build configuration list for PBXNativeTarget "MiRoRecipeBook" */ = {
			isa = XCConfigurationList;
			buildConfigurations = (
				1A8B5C541DE4E87200E11D14 /* Debug */,
				1A8B5C551DE4E87200E11D14 /* Release */,
			);
			defaultConfigurationIsVisible = 0;
			defaultConfigurationName = Release;
		};
		1A8B5C561DE4E87200E11D14 /* Build configuration list for PBXNativeTarget "MiRoRecipeBookTests" */ = {
			isa = XCConfigurationList;
			buildConfigurations = (
				1A8B5C571DE4E87200E11D14 /* Debug */,
				1A8B5C581DE4E87200E11D14 /* Release */,
			);
			defaultConfigurationIsVisible = 0;
			defaultConfigurationName = Release;
		};
		1A8B5C591DE4E87200E11D14 /* Build configuration list for PBXNativeTarget "MiRoRecipeBookUITests" */ = {
			isa = XCConfigurationList;
			buildConfigurations = (
				1A8B5C5A1DE4E87200E11D14 /* Debug */,
				1A8B5C5B1DE4E87200E11D14 /* Release */,
			);
			defaultConfigurationIsVisible = 0;
			defaultConfigurationName = Release;
		};
/* End XCConfigurationList section */

/* Begin XCVersionGroup section */
		1A8B5C321DE4E87200E11D14 /* MiRoRecipeBook.xcdatamodeld */ = {
			isa = XCVersionGroup;
			children = (
				1A8B5C331DE4E87200E11D14 /* MiRoRecipeBook.xcdatamodel */,
			);
			currentVersion = 1A8B5C331DE4E87200E11D14 /* MiRoRecipeBook.xcdatamodel */;
			path = MiRoRecipeBook.xcdatamodeld;
			sourceTree = "<group>";
			versionGroupType = wrapper.xcdatamodel;
		};
/* End XCVersionGroup section */
	};
	rootObject = 1A8B5C201DE4E87200E11D14 /* Project object */;
}
